
Microsoft Visual Studio Solution File, Format Version 12.00
# Visual Studio 15
Project("{FAE04EC0-301F-11D3-BF4B-00C04F79EFBC}") = "Nav", "Nav.csproj", "{326B4820-950B-00B4-C4AE-9060F8176CBC}"
EndProject
Global
	GlobalSection(SolutionConfigurationPlatforms) = preSolution
		Debug|Any CPU = Debug|Any CPU
		Release|Any CPU = Release|Any CPU
	EndGlobalSection
	GlobalSection(ProjectConfigurationPlatforms) = postSolution
		{326B4820-950B-00B4-C4AE-9060F8176CBC}.Debug|Any CPU.ActiveCfg = Debug|Any CPU
		{326B4820-950B-00B4-C4AE-9060F8176CBC}.Debug|Any CPU.Build.0 = Debug|Any CPU
		{326B4820-950B-00B4-C4AE-9060F8176CBC}.Release|Any CPU.ActiveCfg = Release|Any CPU
		{326B4820-950B-00B4-C4AE-9060F8176CBC}.Release|Any CPU.Build.0 = Release|Any CPU
	EndGlobalSection
	GlobalSection(SolutionProperties) = preSolution
		HideSolutionNode = FALSE
	EndGlobalSection
EndGlobal
